
Microsoft Visual Studio Solution File, Format Version 12.00
# Visual Studio 15
VisualStudioVersion = 15.0.27130.2026
MinimumVisualStudioVersion = 10.0.40219.1
Project("{FAE04EC0-301F-11D3-BF4B-00C04F79EFBC}") = "FPDL", "FPDL\FPDL.csproj", "{7AE006A3-21FA-4C05-A974-06B14B882034}"
EndProject
Project("{FAE04EC0-301F-11D3-BF4B-00C04F79EFBC}") = "Tests", "Tests\Tests.csproj", "{D8A613DE-20D8-47F8-897E-E20F2C051B3B}"
EndProject
Project("{FAE04EC0-301F-11D3-BF4B-00C04F79EFBC}") = "FPDL-Viewer", "FPDL-Viewer\FPDL-Viewer.csproj", "{56039FD1-D5D3-4059-9435-56FF83B59ED8}"
EndProject
Project("{FAE04EC0-301F-11D3-BF4B-00C04F79EFBC}") = "Pattern Editor", "PatternEditor\Pattern Editor.csproj", "{A1690AA5-8795-4A72-9E70-07D06BC6F0EC}"
EndProject
Project("{FAE04EC0-301F-11D3-BF4B-00C04F79EFBC}") = "DeployEditor", "DeployEditor\DeployEditor.csproj", "{DDB4B1E4-FE1B-44FC-90C9-0EC507D50ACB}"
EndProject
Global
	GlobalSection(SolutionConfigurationPlatforms) = preSolution
		Debug|Any CPU = Debug|Any CPU
		Release|Any CPU = Release|Any CPU
	EndGlobalSection
	GlobalSection(ProjectConfigurationPlatforms) = postSolution
		{7AE006A3-21FA-4C05-A974-06B14B882034}.Debug|Any CPU.ActiveCfg = Debug|Any CPU
		{7AE006A3-21FA-4C05-A974-06B14B882034}.Debug|Any CPU.Build.0 = Debug|Any CPU
		{7AE006A3-21FA-4C05-A974-06B14B882034}.Release|Any CPU.ActiveCfg = Release|Any CPU
		{7AE006A3-21FA-4C05-A974-06B14B882034}.Release|Any CPU.Build.0 = Release|Any CPU
		{D8A613DE-20D8-47F8-897E-E20F2C051B3B}.Debug|Any CPU.ActiveCfg = Debug|Any CPU
		{D8A613DE-20D8-47F8-897E-E20F2C051B3B}.Debug|Any CPU.Build.0 = Debug|Any CPU
		{D8A613DE-20D8-47F8-897E-E20F2C051B3B}.Release|Any CPU.ActiveCfg = Release|Any CPU
		{D8A613DE-20D8-47F8-897E-E20F2C051B3B}.Release|Any CPU.Build.0 = Release|Any CPU
		{56039FD1-D5D3-4059-9435-56FF83B59ED8}.Debug|Any CPU.ActiveCfg = Debug|Any CPU
		{56039FD1-D5D3-4059-9435-56FF83B59ED8}.Debug|Any CPU.Build.0 = Debug|Any CPU
		{56039FD1-D5D3-4059-9435-56FF83B59ED8}.Release|Any CPU.ActiveCfg = Release|Any CPU
		{56039FD1-D5D3-4059-9435-56FF83B59ED8}.Release|Any CPU.Build.0 = Release|Any CPU
		{A1690AA5-8795-4A72-9E70-07D06BC6F0EC}.Debug|Any CPU.ActiveCfg = Debug|Any CPU
		{A1690AA5-8795-4A72-9E70-07D06BC6F0EC}.Debug|Any CPU.Build.0 = Debug|Any CPU
		{A1690AA5-8795-4A72-9E70-07D06BC6F0EC}.Release|Any CPU.ActiveCfg = Release|Any CPU
		{A1690AA5-8795-4A72-9E70-07D06BC6F0EC}.Release|Any CPU.Build.0 = Release|Any CPU
		{DDB4B1E4-FE1B-44FC-90C9-0EC507D50ACB}.Debug|Any CPU.ActiveCfg = Debug|Any CPU
		{DDB4B1E4-FE1B-44FC-90C9-0EC507D50ACB}.Debug|Any CPU.Build.0 = Debug|Any CPU
		{DDB4B1E4-FE1B-44FC-90C9-0EC507D50ACB}.Release|Any CPU.ActiveCfg = Release|Any CPU
		{DDB4B1E4-FE1B-44FC-90C9-0EC507D50ACB}.Release|Any CPU.Build.0 = Release|Any CPU
	EndGlobalSection
	GlobalSection(SolutionProperties) = preSolution
		HideSolutionNode = FALSE
	EndGlobalSection
	GlobalSection(ExtensibilityGlobals) = postSolution
		SolutionGuid = {1BFCD64C-BBEE-4C19-A880-DC60982C59FE}
	EndGlobalSection
EndGlobal
